
Microsoft Visual Studio Solution File, Format Version 12.00
# Visual Studio Version 16
VisualStudioVersion = 16.0.29728.190
MinimumVisualStudioVersion = 10.0.40219.1
Project("{FAE04EC0-301F-11D3-BF4B-00C04F79EFBC}") = "UserManagement", "UserManagement.csproj", "{9DBDE53E-6178-44F8-AA2A-DC4576187A14}"
EndProject
Global
	GlobalSection(SolutionConfigurationPlatforms) = preSolution
		Debug|Any CPU = Debug|Any CPU
		Release|Any CPU = Release|Any CPU
	EndGlobalSection
	GlobalSection(ProjectConfigurationPlatforms) = postSolution
		{9DBDE53E-6178-44F8-AA2A-DC4576187A14}.Debug|Any CPU.ActiveCfg = Debug|Any CPU
		{9DBDE53E-6178-44F8-AA2A-DC4576187A14}.Debug|Any CPU.Build.0 = Debug|Any CPU
		{9DBDE53E-6178-44F8-AA2A-DC4576187A14}.Release|Any CPU.ActiveCfg = Release|Any CPU
		{9DBDE53E-6178-44F8-AA2A-DC4576187A14}.Release|Any CPU.Build.0 = Release|Any CPU
	EndGlobalSection
	GlobalSection(SolutionProperties) = preSolution
		HideSolutionNode = FALSE
	EndGlobalSection
	GlobalSection(ExtensibilityGlobals) = postSolution
		SolutionGuid = {637C3D43-33E3-46B3-98BE-33FD9E606DD1}
	EndGlobalSection
EndGlobal
